// !$*UTF8*$!
{
	archiveVersion = 1;
	classes = {
	};
	objectVersion = 46;
	objects = {

/* Begin PBXBuildFile section */
		DF5651C31A0059670029C7DF /* main.m in Sources */ = {isa = PBXBuildFile; fileRef = DF5651C21A0059670029C7DF /* main.m */; };
		DF5651CB1A00598C0029C7DF /* ClosureNumberJudge.m in Sources */ = {isa = PBXBuildFile; fileRef = DF5651CA1A00598C0029C7DF /* ClosureNumberJudge.m */; };
/* End PBXBuildFile section */

/* Begin PBXCopyFilesBuildPhase section */
		DF5651BD1A0059670029C7DF /* CopyFiles */ = {
			isa = PBXCopyFilesBuildPhase;
			buildActionMask = 2147483647;
			dstPath = /usr/share/man/man1/;
			dstSubfolderSpec = 0;
			files = (
			);
			runOnlyForDeploymentPostprocessing = 1;
		};
/* End PBXCopyFilesBuildPhase section */

/* Begin PBXFileReference section */
		DF5651BF1A0059670029C7DF /* ClosureNumberJudge */ = {isa = PBXFileReference; explicitFileType = "compiled.mach-o.executable"; includeInIndex = 0; path = ClosureNumberJudge; sourceTree = BUILT_PRODUCTS_DIR; };
		DF5651C21A0059670029C7DF /* main.m */ = {isa = PBXFileReference; lastKnownFileType = sourcecode.c.objc; path = main.m; sourceTree = "<group>"; };
		DF5651C91A00598C0029C7DF /* ClosureNumberJudge.h */ = {isa = PBXFileReference; fileEncoding = 4; lastKnownFileType = sourcecode.c.h; path = ClosureNumberJudge.h; sourceTree = "<group>"; };
		DF5651CA1A00598C0029C7DF /* ClosureNumberJudge.m */ = {isa = PBXFileReference; fileEncoding = 4; lastKnownFileType = sourcecode.c.objc; path = ClosureNumberJudge.m; sourceTree = "<group>"; };
/* End PBXFileReference section */

/* Begin PBXFrameworksBuildPhase section */
		DF5651BC1A0059670029C7DF /* Frameworks */ = {
			isa = PBXFrameworksBuildPhase;
			buildActionMask = 2147483647;
			files = (
			);
			runOnlyForDeploymentPostprocessing = 0;
		};
/* End PBXFrameworksBuildPhase section */

/* Begin PBXGroup section */
		DF5651B61A0059670029C7DF = {
			isa = PBXGroup;
			children = (
				DF5651C11A0059670029C7DF /* ClosureNumberJudge */,
				DF5651C01A0059670029C7DF /* Products */,
			);
			sourceTree = "<group>";
		};
		DF5651C01A0059670029C7DF /* Products */ = {
			isa = PBXGroup;
			children = (
				DF5651BF1A0059670029C7DF /* ClosureNumberJudge */,
			);
			name = Products;
			sourceTree = "<group>";
		};
		DF5651C11A0059670029C7DF /* ClosureNumberJudge */ = {
			isa = PBXGroup;
			children = (
				DF5651C21A0059670029C7DF /* main.m */,
				DF5651C91A00598C0029C7DF /* ClosureNumberJudge.h */,
				DF5651CA1A00598C0029C7DF /* ClosureNumberJudge.m */,
			);
			path = ClosureNumberJudge;
			sourceTree = "<group>";
		};
/* End PBXGroup section */

/* Begin PBXNativeTarget section */
		DF5651BE1A0059670029C7DF /* ClosureNumberJudge */ = {
			isa = PBXNativeTarget;
			buildConfigurationList = DF5651C61A0059670029C7DF /* Build configuration list for PBXNativeTarget "ClosureNumberJudge" */;
			buildPhases = (
				DF5651BB1A0059670029C7DF /* Sources */,
				DF5651BC1A0059670029C7DF /* Frameworks */,
				DF5651BD1A0059670029C7DF /* CopyFiles */,
			);
			buildRules = (
			);
			dependencies = (
			);
			name = ClosureNumberJudge;
			productName = ClosureNumberJudge;
			productReference = DF5651BF1A0059670029C7DF /* ClosureNumberJudge */;
			productType = "com.apple.product-type.tool";
		};
/* End PBXNativeTarget section */

/* Begin PBXProject section */
		DF5651B71A0059670029C7DF /* Project object */ = {
			isa = PBXProject;
			attributes = {
				LastUpgradeCheck = 0610;
				ORGANIZATIONNAME = "Anthony Super";
				TargetAttributes = {
					DF5651BE1A0059670029C7DF = {
						CreatedOnToolsVersion = 6.1;
					};
				};
			};
			buildConfigurationList = DF5651BA1A0059670029C7DF /* Build configuration list for PBXProject "ClosureNumberJudge" */;
			compatibilityVersion = "Xcode 3.2";
			developmentRegion = English;
			hasScannedForEncodings = 0;
			knownRegions = (
				en,
			);
			mainGroup = DF5651B61A0059670029C7DF;
			productRefGroup = DF5651C01A0059670029C7DF /* Products */;
			projectDirPath = "";
			projectRoot = "";
			targets = (
				DF5651BE1A0059670029C7DF /* ClosureNumberJudge */,
			);
		};
/* End PBXProject section */

/* Begin PBXSourcesBuildPhase section */
		DF5651BB1A0059670029C7DF /* Sources */ = {
			isa = PBXSourcesBuildPhase;
			buildActionMask = 2147483647;
			files = (
				DF5651CB1A00598C0029C7DF /* ClosureNumberJudge.m in Sources */,
				DF5651C31A0059670029C7DF /* main.m in Sources */,
			);
			runOnlyForDeploymentPostprocessing = 0;
		};
/* End PBXSourcesBuildPhase section */

/* Begin XCBuildConfiguration section */
		DF5651C41A0059670029C7DF /* Debug */ = {
			isa = XCBuildConfiguration;
			buildSettings = {
				ALWAYS_SEARCH_USER_PATHS = NO;
				CLANG_CXX_LANGUAGE_STANDARD = "gnu++0x";
				CLANG_CXX_LIBRARY = "libc++";
				CLANG_ENABLE_MODULES = YES;
				CLANG_ENABLE_OBJC_ARC = YES;
				CLANG_WARN_BOOL_CONVERSION = YES;
				CLANG_WARN_CONSTANT_CONVERSION = YES;
				CLANG_WARN_DIRECT_OBJC_ISA_USAGE = YES_ERROR;
				CLANG_WARN_EMPTY_BODY = YES;
				CLANG_WARN_ENUM_CONVERSION = YES;
				CLANG_WARN_INT_CONVERSION = YES;
				CLANG_WARN_OBJC_ROOT_CLASS = YES_ERROR;
				CLANG_WARN_UNREACHABLE_CODE = YES;
				CLANG_WARN__DUPLICATE_METHOD_MATCH = YES;
				COPY_PHASE_STRIP = NO;
				ENABLE_STRICT_OBJC_MSGSEND = YES;
				GCC_C_LANGUAGE_STANDARD = gnu99;
				GCC_DYNAMIC_NO_PIC = NO;
				GCC_OPTIMIZATION_LEVEL = 0;
				GCC_PREPROCESSOR_DEFINITIONS = (
					"DEBUG=1",
					"$(inherited)",
				);
				GCC_SYMBOLS_PRIVATE_EXTERN = NO;
				GCC_WARN_64_TO_32_BIT_CONVERSION = YES;
				GCC_WARN_ABOUT_RETURN_TYPE = YES_ERROR;
				GCC_WARN_UNDECLARED_SELECTOR = YES;
				GCC_WARN_UNINITIALIZED_AUTOS = YES_AGGRESSIVE;
				GCC_WARN_UNUSED_FUNCTION = YES;
				GCC_WARN_UNUSED_VARIABLE = YES;
				MACOSX_DEPLOYMENT_TARGET = 10.10;
				MTL_ENABLE_DEBUG_INFO = YES;
				ONLY_ACTIVE_ARCH = YES;
				SDKROOT = macosx;
			};
			name = Debug;
		};
		DF5651C51A0059670029C7DF /* Release */ = {
			isa = XCBuildConfiguration;
			buildSettings = {
				ALWAYS_SEARCH_USER_PATHS = NO;
				CLANG_CXX_LANGUAGE_STANDARD = "gnu++0x";
				CLANG_CXX_LIBRARY = "libc++";
				CLANG_ENABLE_MODULES = YES;
				CLANG_ENABLE_OBJC_ARC = YES;
				CLANG_WARN_BOOL_CONVERSION = YES;
				CLANG_WARN_CONSTANT_CONVERSION = YES;
				CLANG_WARN_DIRECT_OBJC_ISA_USAGE = YES_ERROR;
				CLANG_WARN_EMPTY_BODY = YES;
				CLANG_WARN_ENUM_CONVERSION = YES;
				CLANG_WARN_INT_CONVERSION = YES;
				CLANG_WARN_OBJC_ROOT_CLASS = YES_ERROR;
				CLANG_WARN_UNREACHABLE_CODE = YES;
				CLANG_WARN__DUPLICATE_METHOD_MATCH = YES;
				COPY_PHASE_STRIP = YES;
				DEBUG_INFORMATION_FORMAT = "dwarf-with-dsym";
				ENABLE_NS_ASSERTIONS = NO;
				ENABLE_STRICT_OBJC_MSGSEND = YES;
				GCC_C_LANGUAGE_STANDARD = gnu99;
				GCC_WARN_64_TO_32_BIT_CONVERSION = YES;
				GCC_WARN_ABOUT_RETURN_TYPE = YES_ERROR;
				GCC_WARN_UNDECLARED_SELECTOR = YES;
				GCC_WARN_UNINITIALIZED_AUTOS = YES_AGGRESSIVE;
				GCC_WARN_UNUSED_FUNCTION = YES;
				GCC_WARN_UNUSED_VARIABLE = YES;
				MACOSX_DEPLOYMENT_TARGET = 10.10;
				MTL_ENABLE_DEBUG_INFO = NO;
				SDKROOT = macosx;
			};
			name = Release;
		};
		DF5651C71A0059670029C7DF /* Debug */ = {
			isa = XCBuildConfiguration;
			buildSettings = {
				PRODUCT_NAME = "$(TARGET_NAME)";
			};
			name = Debug;
		};
		DF5651C81A0059670029C7DF /* Release */ = {
			isa = XCBuildConfiguration;
			buildSettings = {
				PRODUCT_NAME = "$(TARGET_NAME)";
			};
			name = Release;
		};
/* End XCBuildConfiguration section */

/* Begin XCConfigurationList section */
		DF5651BA1A0059670029C7DF /* Build configuration list for PBXProject "ClosureNumberJudge" */ = {
			isa = XCConfigurationList;
			buildConfigurations = (
				DF5651C41A0059670029C7DF /* Debug */,
				DF5651C51A0059670029C7DF /* Release */,
			);
			defaultConfigurationIsVisible = 0;
			defaultConfigurationName = Release;
		};
		DF5651C61A0059670029C7DF /* Build configuration list for PBXNativeTarget "ClosureNumberJudge" */ = {
			isa = XCConfigurationList;
			buildConfigurations = (
				DF5651C71A0059670029C7DF /* Debug */,
				DF5651C81A0059670029C7DF /* Release */,
			);
			defaultConfigurationIsVisible = 0;
		};
/* End XCConfigurationList section */
	};
	rootObject = DF5651B71A0059670029C7DF /* Project object */;
}
