// !$*UTF8*$!
{
	archiveVersion = 1;
	classes = {
	};
	objectVersion = 46;
	objects = {

/* Begin PBXBuildFile section */
		D530DC251A0AD9F500A4E584 /* JenniferBennet.m in Sources */ = {isa = PBXBuildFile; fileRef = D530DC241A0AD9F500A4E584 /* JenniferBennet.m */; };
		DF874E641A09E85900493D88 /* main.m in Sources */ = {isa = PBXBuildFile; fileRef = DF874E631A09E85900493D88 /* main.m */; };
		DF874E721A09EB3A00493D88 /* McDonalds.m in Sources */ = {isa = PBXBuildFile; fileRef = DF874E711A09EB3A00493D88 /* McDonalds.m */; };
		DF874E7B1A09EC2700493D88 /* MenuItem.m in Sources */ = {isa = PBXBuildFile; fileRef = DF874E7A1A09EC2700493D88 /* MenuItem.m */; };
		DF874E811A09EEFF00493D88 /* Tony.m in Sources */ = {isa = PBXBuildFile; fileRef = DF874E801A09EEFF00493D88 /* Tony.m */; };
/* End PBXBuildFile section */

/* Begin PBXCopyFilesBuildPhase section */
		DF874E5E1A09E85900493D88 /* CopyFiles */ = {
			isa = PBXCopyFilesBuildPhase;
			buildActionMask = 2147483647;
			dstPath = /usr/share/man/man1/;
			dstSubfolderSpec = 0;
			files = (
			);
			runOnlyForDeploymentPostprocessing = 1;
		};
/* End PBXCopyFilesBuildPhase section */

/* Begin PBXFileReference section */
		D530DC231A0AD9F500A4E584 /* JenniferBennet.h */ = {isa = PBXFileReference; fileEncoding = 4; lastKnownFileType = sourcecode.c.h; path = JenniferBennet.h; sourceTree = "<group>"; };
		D530DC241A0AD9F500A4E584 /* JenniferBennet.m */ = {isa = PBXFileReference; fileEncoding = 4; lastKnownFileType = sourcecode.c.objc; path = JenniferBennet.m; sourceTree = "<group>"; };
		DF874E601A09E85900493D88 /* Protocols */ = {isa = PBXFileReference; explicitFileType = "compiled.mach-o.executable"; includeInIndex = 0; path = Protocols; sourceTree = BUILT_PRODUCTS_DIR; };
		DF874E631A09E85900493D88 /* main.m */ = {isa = PBXFileReference; lastKnownFileType = sourcecode.c.objc; path = main.m; sourceTree = "<group>"; };
		DF874E701A09EB3A00493D88 /* McDonalds.h */ = {isa = PBXFileReference; fileEncoding = 4; lastKnownFileType = sourcecode.c.h; path = McDonalds.h; sourceTree = "<group>"; };
		DF874E711A09EB3A00493D88 /* McDonalds.m */ = {isa = PBXFileReference; fileEncoding = 4; lastKnownFileType = sourcecode.c.objc; path = McDonalds.m; sourceTree = "<group>"; };
		DF874E731A09EB8E00493D88 /* RestaurantPatron.h */ = {isa = PBXFileReference; fileEncoding = 4; lastKnownFileType = sourcecode.c.h; path = RestaurantPatron.h; sourceTree = "<group>"; };
		DF874E791A09EC2700493D88 /* MenuItem.h */ = {isa = PBXFileReference; fileEncoding = 4; lastKnownFileType = sourcecode.c.h; path = MenuItem.h; sourceTree = "<group>"; };
		DF874E7A1A09EC2700493D88 /* MenuItem.m */ = {isa = PBXFileReference; fileEncoding = 4; lastKnownFileType = sourcecode.c.objc; path = MenuItem.m; sourceTree = "<group>"; };
		DF874E7F1A09EEFF00493D88 /* Tony.h */ = {isa = PBXFileReference; fileEncoding = 4; lastKnownFileType = sourcecode.c.h; path = Tony.h; sourceTree = "<group>"; };
		DF874E801A09EEFF00493D88 /* Tony.m */ = {isa = PBXFileReference; fileEncoding = 4; lastKnownFileType = sourcecode.c.objc; path = Tony.m; sourceTree = "<group>"; };
/* End PBXFileReference section */

/* Begin PBXFrameworksBuildPhase section */
		DF874E5D1A09E85900493D88 /* Frameworks */ = {
			isa = PBXFrameworksBuildPhase;
			buildActionMask = 2147483647;
			files = (
			);
			runOnlyForDeploymentPostprocessing = 0;
		};
/* End PBXFrameworksBuildPhase section */

/* Begin PBXGroup section */
		DF874E571A09E85900493D88 = {
			isa = PBXGroup;
			children = (
				DF874E621A09E85900493D88 /* Protocols */,
				DF874E611A09E85900493D88 /* Products */,
			);
			sourceTree = "<group>";
		};
		DF874E611A09E85900493D88 /* Products */ = {
			isa = PBXGroup;
			children = (
				DF874E601A09E85900493D88 /* Protocols */,
			);
			name = Products;
			sourceTree = "<group>";
		};
		DF874E621A09E85900493D88 /* Protocols */ = {
			isa = PBXGroup;
			children = (
				DF874E631A09E85900493D88 /* main.m */,
				DF874E701A09EB3A00493D88 /* McDonalds.h */,
				DF874E711A09EB3A00493D88 /* McDonalds.m */,
				DF874E7F1A09EEFF00493D88 /* Tony.h */,
				D530DC231A0AD9F500A4E584 /* JenniferBennet.h */,
				D530DC241A0AD9F500A4E584 /* JenniferBennet.m */,
				DF874E801A09EEFF00493D88 /* Tony.m */,
				DF874E731A09EB8E00493D88 /* RestaurantPatron.h */,
				DF874E7A1A09EC2700493D88 /* MenuItem.m */,
				DF874E791A09EC2700493D88 /* MenuItem.h */,
			);
			path = Protocols;
			sourceTree = "<group>";
		};
/* End PBXGroup section */

/* Begin PBXNativeTarget section */
		DF874E5F1A09E85900493D88 /* Protocols */ = {
			isa = PBXNativeTarget;
			buildConfigurationList = DF874E671A09E85900493D88 /* Build configuration list for PBXNativeTarget "Protocols" */;
			buildPhases = (
				DF874E5C1A09E85900493D88 /* Sources */,
				DF874E5D1A09E85900493D88 /* Frameworks */,
				DF874E5E1A09E85900493D88 /* CopyFiles */,
			);
			buildRules = (
			);
			dependencies = (
			);
			name = Protocols;
			productName = Protocols;
			productReference = DF874E601A09E85900493D88 /* Protocols */;
			productType = "com.apple.product-type.tool";
		};
/* End PBXNativeTarget section */

/* Begin PBXProject section */
		DF874E581A09E85900493D88 /* Project object */ = {
			isa = PBXProject;
			attributes = {
				LastUpgradeCheck = 0610;
				ORGANIZATIONNAME = noided;
				TargetAttributes = {
					DF874E5F1A09E85900493D88 = {
						CreatedOnToolsVersion = 6.1;
					};
				};
			};
			buildConfigurationList = DF874E5B1A09E85900493D88 /* Build configuration list for PBXProject "Protocols" */;
			compatibilityVersion = "Xcode 3.2";
			developmentRegion = English;
			hasScannedForEncodings = 0;
			knownRegions = (
				en,
			);
			mainGroup = DF874E571A09E85900493D88;
			productRefGroup = DF874E611A09E85900493D88 /* Products */;
			projectDirPath = "";
			projectRoot = "";
			targets = (
				DF874E5F1A09E85900493D88 /* Protocols */,
			);
		};
/* End PBXProject section */

/* Begin PBXSourcesBuildPhase section */
		DF874E5C1A09E85900493D88 /* Sources */ = {
			isa = PBXSourcesBuildPhase;
			buildActionMask = 2147483647;
			files = (
				DF874E811A09EEFF00493D88 /* Tony.m in Sources */,
				DF874E7B1A09EC2700493D88 /* MenuItem.m in Sources */,
				DF874E641A09E85900493D88 /* main.m in Sources */,
				D530DC251A0AD9F500A4E584 /* JenniferBennet.m in Sources */,
				DF874E721A09EB3A00493D88 /* McDonalds.m in Sources */,
			);
			runOnlyForDeploymentPostprocessing = 0;
		};
/* End PBXSourcesBuildPhase section */

/* Begin XCBuildConfiguration section */
		DF874E651A09E85900493D88 /* Debug */ = {
			isa = XCBuildConfiguration;
			buildSettings = {
				ALWAYS_SEARCH_USER_PATHS = NO;
				CLANG_CXX_LANGUAGE_STANDARD = "gnu++0x";
				CLANG_CXX_LIBRARY = "libc++";
				CLANG_ENABLE_MODULES = YES;
				CLANG_ENABLE_OBJC_ARC = YES;
				CLANG_WARN_BOOL_CONVERSION = YES;
				CLANG_WARN_CONSTANT_CONVERSION = YES;
				CLANG_WARN_DIRECT_OBJC_ISA_USAGE = YES_ERROR;
				CLANG_WARN_EMPTY_BODY = YES;
				CLANG_WARN_ENUM_CONVERSION = YES;
				CLANG_WARN_INT_CONVERSION = YES;
				CLANG_WARN_OBJC_ROOT_CLASS = YES_ERROR;
				CLANG_WARN_UNREACHABLE_CODE = YES;
				CLANG_WARN__DUPLICATE_METHOD_MATCH = YES;
				COPY_PHASE_STRIP = NO;
				ENABLE_STRICT_OBJC_MSGSEND = YES;
				GCC_C_LANGUAGE_STANDARD = gnu99;
				GCC_DYNAMIC_NO_PIC = NO;
				GCC_OPTIMIZATION_LEVEL = 0;
				GCC_PREPROCESSOR_DEFINITIONS = (
					"DEBUG=1",
					"$(inherited)",
				);
				GCC_SYMBOLS_PRIVATE_EXTERN = NO;
				GCC_WARN_64_TO_32_BIT_CONVERSION = YES;
				GCC_WARN_ABOUT_RETURN_TYPE = YES_ERROR;
				GCC_WARN_UNDECLARED_SELECTOR = YES;
				GCC_WARN_UNINITIALIZED_AUTOS = YES_AGGRESSIVE;
				GCC_WARN_UNUSED_FUNCTION = YES;
				GCC_WARN_UNUSED_VARIABLE = YES;
				MACOSX_DEPLOYMENT_TARGET = 10.10;
				MTL_ENABLE_DEBUG_INFO = YES;
				ONLY_ACTIVE_ARCH = YES;
				SDKROOT = macosx;
			};
			name = Debug;
		};
		DF874E661A09E85900493D88 /* Release */ = {
			isa = XCBuildConfiguration;
			buildSettings = {
				ALWAYS_SEARCH_USER_PATHS = NO;
				CLANG_CXX_LANGUAGE_STANDARD = "gnu++0x";
				CLANG_CXX_LIBRARY = "libc++";
				CLANG_ENABLE_MODULES = YES;
				CLANG_ENABLE_OBJC_ARC = YES;
				CLANG_WARN_BOOL_CONVERSION = YES;
				CLANG_WARN_CONSTANT_CONVERSION = YES;
				CLANG_WARN_DIRECT_OBJC_ISA_USAGE = YES_ERROR;
				CLANG_WARN_EMPTY_BODY = YES;
				CLANG_WARN_ENUM_CONVERSION = YES;
				CLANG_WARN_INT_CONVERSION = YES;
				CLANG_WARN_OBJC_ROOT_CLASS = YES_ERROR;
				CLANG_WARN_UNREACHABLE_CODE = YES;
				CLANG_WARN__DUPLICATE_METHOD_MATCH = YES;
				COPY_PHASE_STRIP = YES;
				DEBUG_INFORMATION_FORMAT = "dwarf-with-dsym";
				ENABLE_NS_ASSERTIONS = NO;
				ENABLE_STRICT_OBJC_MSGSEND = YES;
				GCC_C_LANGUAGE_STANDARD = gnu99;
				GCC_WARN_64_TO_32_BIT_CONVERSION = YES;
				GCC_WARN_ABOUT_RETURN_TYPE = YES_ERROR;
				GCC_WARN_UNDECLARED_SELECTOR = YES;
				GCC_WARN_UNINITIALIZED_AUTOS = YES_AGGRESSIVE;
				GCC_WARN_UNUSED_FUNCTION = YES;
				GCC_WARN_UNUSED_VARIABLE = YES;
				MACOSX_DEPLOYMENT_TARGET = 10.10;
				MTL_ENABLE_DEBUG_INFO = NO;
				SDKROOT = macosx;
			};
			name = Release;
		};
		DF874E681A09E85900493D88 /* Debug */ = {
			isa = XCBuildConfiguration;
			buildSettings = {
				MACOSX_DEPLOYMENT_TARGET = 10.9;
				PRODUCT_NAME = "$(TARGET_NAME)";
			};
			name = Debug;
		};
		DF874E691A09E85900493D88 /* Release */ = {
			isa = XCBuildConfiguration;
			buildSettings = {
				MACOSX_DEPLOYMENT_TARGET = 10.9;
				PRODUCT_NAME = "$(TARGET_NAME)";
			};
			name = Release;
		};
/* End XCBuildConfiguration section */

/* Begin XCConfigurationList section */
		DF874E5B1A09E85900493D88 /* Build configuration list for PBXProject "Protocols" */ = {
			isa = XCConfigurationList;
			buildConfigurations = (
				DF874E651A09E85900493D88 /* Debug */,
				DF874E661A09E85900493D88 /* Release */,
			);
			defaultConfigurationIsVisible = 0;
			defaultConfigurationName = Release;
		};
		DF874E671A09E85900493D88 /* Build configuration list for PBXNativeTarget "Protocols" */ = {
			isa = XCConfigurationList;
			buildConfigurations = (
				DF874E681A09E85900493D88 /* Debug */,
				DF874E691A09E85900493D88 /* Release */,
			);
			defaultConfigurationIsVisible = 0;
			defaultConfigurationName = Release;
		};
/* End XCConfigurationList section */
	};
	rootObject = DF874E581A09E85900493D88 /* Project object */;
}
